
Microsoft Visual Studio Solution File, Format Version 12.00
# Visual Studio 15
VisualStudioVersion = 15.0.26228.9
MinimumVisualStudioVersion = 10.0.40219.1
Project("{2150E333-8FDC-42A3-9474-1A3956D46DE8}") = "SOLID", "SOLID", "{AD4E3529-A80C-454E-AADD-CCC2E369725B}"
EndProject
Project("{2150E333-8FDC-42A3-9474-1A3956D46DE8}") = "NTIERS", "NTIERS", "{39FFED27-A4F5-4DB4-97A9-D42379213C1A}"
EndProject
Project("{2150E333-8FDC-42A3-9474-1A3956D46DE8}") = "MVC", "MVC", "{621FC22C-2E81-4014-95AF-A7E8E8840AA6}"
EndProject
Project("{2150E333-8FDC-42A3-9474-1A3956D46DE8}") = "ANGULAR", "ANGULAR", "{822D0FE4-109C-4B80-8E97-C217028D8CBA}"
EndProject
Project("{2150E333-8FDC-42A3-9474-1A3956D46DE8}") = "MVVM", "MVVM", "{02DFB885-BB17-49BC-A8C9-8733F3A17BAD}"
EndProject
Project("{2150E333-8FDC-42A3-9474-1A3956D46DE8}") = "WCF", "WCF", "{5E8778AA-81BA-4BB8-B315-F4E032B1323E}"
EndProject
Project("{FAE04EC0-301F-11D3-BF4B-00C04F79EFBC}") = "DL", "DL\DL.csproj", "{9EB7FF71-FDC4-4112-B24C-89AB8796BA59}"
EndProject
Project("{FAE04EC0-301F-11D3-BF4B-00C04F79EFBC}") = "BL", "BL\BL.csproj", "{5AB522AE-5402-4C9C-B833-B040C099AB54}"
EndProject
Project("{FAE04EC0-301F-11D3-BF4B-00C04F79EFBC}") = "PL", "PL\PL.csproj", "{23030F6B-2A4C-42E8-9DFB-4E022C8AAEFA}"
EndProject
Project("{2150E333-8FDC-42A3-9474-1A3956D46DE8}") = "PATTERNS", "PATTERNS", "{4F344175-D6AD-4A55-A846-A3A6D0D73D34}"
EndProject
Project("{2150E333-8FDC-42A3-9474-1A3956D46DE8}") = "STRUCTURAL", "STRUCTURAL", "{8BE2C1C4-AF5A-415C-89A2-AD7F894368DB}"
EndProject
Project("{2150E333-8FDC-42A3-9474-1A3956D46DE8}") = "BEHAVIORAL", "BEHAVIORAL", "{72107395-6800-48FC-B70A-70C13B53AF3D}"
EndProject
Project("{2150E333-8FDC-42A3-9474-1A3956D46DE8}") = "CREATIONAL", "CREATIONAL", "{6F129507-78BA-4060-8FF5-E44E6F11B473}"
EndProject
Project("{2150E333-8FDC-42A3-9474-1A3956D46DE8}") = "LINQ", "LINQ", "{77E7BAD8-C18F-4C36-A275-30837286864C}"
EndProject
Project("{FAE04EC0-301F-11D3-BF4B-00C04F79EFBC}") = "1_Srp", "1_Srp\1_Srp.csproj", "{BD6E941A-ABA5-499A-BC16-DDF6FE25B0B9}"
EndProject
Project("{FAE04EC0-301F-11D3-BF4B-00C04F79EFBC}") = "2_Ocp", "2_Ocp\2_Ocp.csproj", "{2AE9CB40-1E14-4E06-A24D-34BCF2A1B3AF}"
EndProject
Project("{FAE04EC0-301F-11D3-BF4B-00C04F79EFBC}") = "3Lsp", "3_Lsp\3Lsp.csproj", "{CA111CED-B035-43BB-B9ED-6FB078FB4F8B}"
EndProject
Project("{FAE04EC0-301F-11D3-BF4B-00C04F79EFBC}") = "3Lsp.Principles", "3_Lsp.Principles\3Lsp.Principles.csproj", "{750C6448-F2D2-4E09-9FD3-F7A75D3AC5E8}"
EndProject
Project("{FAE04EC0-301F-11D3-BF4B-00C04F79EFBC}") = "4_SolidPrinciples.Isp", "4_Isp\4_SolidPrinciples.Isp.csproj", "{C08140CF-685F-4E37-B425-273D70E81BC4}"
EndProject
Project("{FAE04EC0-301F-11D3-BF4B-00C04F79EFBC}") = "5_Dip.IoCContainer", "5_Dip.IoCContainer\5_Dip.IoCContainer.csproj", "{73360AAC-7EDF-45EF-A2F6-88ABFABB9EF0}"
EndProject
Project("{FAE04EC0-301F-11D3-BF4B-00C04F79EFBC}") = "5_Dip.Manual", "5_Dip.Manual\5_Dip.Manual.csproj", "{E73B4743-9F2C-437A-90A5-1F986A5BD2C8}"
EndProject
Project("{FAE04EC0-301F-11D3-BF4B-00C04F79EFBC}") = "5_Dip.ServiceLocator", "5_Dip.ServiceLocator\5_Dip.ServiceLocator.csproj", "{C37FC562-CE8A-4F09-82C0-CC6FD53E8A93}"
EndProject
Project("{FAE04EC0-301F-11D3-BF4B-00C04F79EFBC}") = "pattern.abstractFactory", "pattern.abstract.factory\pattern.abstractFactory.csproj", "{87752A5B-FD2E-46AB-AC2B-C83A82CB0D97}"
EndProject
Project("{FAE04EC0-301F-11D3-BF4B-00C04F79EFBC}") = "pattern.observer", "pattern.observer\pattern.observer.csproj", "{821AB6E0-3CBC-4607-B248-2639871F9C73}"
EndProject
Project("{FAE04EC0-301F-11D3-BF4B-00C04F79EFBC}") = "LinqToObjects", "LinqToObjects\LinqToObjects.csproj", "{906659D2-5806-493B-A9CD-B25ED84FD2A9}"
EndProject
Project("{9A19103F-16F7-4668-BE54-9A1E7A4F7556}") = "Contact_Final", "Contact_mvc6_final\Contact_Final\src\Contact_Final\Contact_Final.csproj", "{678A0C90-F723-4FF4-A348-64D51398FDC3}"
EndProject
Project("{FAE04EC0-301F-11D3-BF4B-00C04F79EFBC}") = "pattern.builder", "pattern.builder\pattern.builder.csproj", "{FF1776DB-75B1-498B-9DBB-B172466C96EE}"
EndProject
Project("{FAE04EC0-301F-11D3-BF4B-00C04F79EFBC}") = "pattern.singleton", "pattern.singleton\pattern.singleton.csproj", "{163C4F56-EC83-4F22-B5CE-A2E6BDA21C58}"
EndProject
Project("{FAE04EC0-301F-11D3-BF4B-00C04F79EFBC}") = "Bridge", "Bridge\Bridge.csproj", "{F86C43C6-CD17-44DF-82BF-F2528396C663}"
EndProject
Project("{FAE04EC0-301F-11D3-BF4B-00C04F79EFBC}") = "pattern.adapter", "pattern.adapter\pattern.adapter.csproj", "{F0357793-1F34-4238-804E-0D834D24CF1B}"
EndProject
Project("{FAE04EC0-301F-11D3-BF4B-00C04F79EFBC}") = "pattern.mediator", "pattern.mediator\pattern.mediator.csproj", "{E5488DEC-F2FA-47F3-8491-B50F699AC7D1}"
EndProject
Project("{FAE04EC0-301F-11D3-BF4B-00C04F79EFBC}") = "MVVMDemoApplication", "MVVMDemoApplication\MVVMDemoApplication.csproj", "{DF3649EE-2CCD-4D10-B55E-EF4C62DB32AE}"
EndProject
Project("{E24C65DC-7377-472B-9ABA-BC803B73C61A}") = "app-products-manager", "app-products-manager\", "{4194213A-A8B4-4A0C-81F6-FCD751E55AA8}"
	ProjectSection(WebsiteProperties) = preProject
		TargetFrameworkMoniker = ".NETFramework,Version%3Dv4.0"
		Debug.AspNetCompiler.VirtualPath = "/localhost_49956"
		Debug.AspNetCompiler.PhysicalPath = "app-products-manager\"
		Debug.AspNetCompiler.TargetPath = "PrecompiledWeb\localhost_49956\"
		Debug.AspNetCompiler.Updateable = "true"
		Debug.AspNetCompiler.ForceOverwrite = "true"
		Debug.AspNetCompiler.FixedNames = "false"
		Debug.AspNetCompiler.Debug = "True"
		Release.AspNetCompiler.VirtualPath = "/localhost_49956"
		Release.AspNetCompiler.PhysicalPath = "app-products-manager\"
		Release.AspNetCompiler.TargetPath = "PrecompiledWeb\localhost_49956\"
		Release.AspNetCompiler.Updateable = "true"
		Release.AspNetCompiler.ForceOverwrite = "true"
		Release.AspNetCompiler.FixedNames = "false"
		Release.AspNetCompiler.Debug = "False"
		VWDPort = "49956"
	EndProjectSection
EndProject
Project("{FAE04EC0-301F-11D3-BF4B-00C04F79EFBC}") = "WcfClient", "WcfClient\WcfClient.csproj", "{C6EC4BAB-A9F2-47DE-B3B1-C672C906913B}"
EndProject
Project("{FAE04EC0-301F-11D3-BF4B-00C04F79EFBC}") = "WcfServiceLibrary1", "WcfServiceLibrary1\WcfServiceLibrary1.csproj", "{EBFE17DE-7C3E-4AC8-A132-D11A468F5322}"
EndProject
Project("{2150E333-8FDC-42A3-9474-1A3956D46DE8}") = "Async", "Async", "{9588EA44-A6AC-482D-A5C7-044A9301FEAC}"
EndProject
Project("{FAE04EC0-301F-11D3-BF4B-00C04F79EFBC}") = "AsyncLibrary", "AsyncLibrary\AsyncLibrary.csproj", "{70BED7AE-2300-4311-BDD9-BECDF7291C32}"
EndProject
Project("{2150E333-8FDC-42A3-9474-1A3956D46DE8}") = "ADO", "ADO", "{5019A727-23CD-41F6-B31F-BA70FC0F7C62}"
EndProject
Project("{FAE04EC0-301F-11D3-BF4B-00C04F79EFBC}") = "Model", "AdoCours\Model\Model.csproj", "{BFB97BEC-395D-491E-8C13-FFAFC0AA050D}"
EndProject
Project("{FAE04EC0-301F-11D3-BF4B-00C04F79EFBC}") = "Concurency", "AdoCours\Concurency\Concurency.csproj", "{E9EF6C5E-2ADE-4448-A247-39525A7E1743}"
EndProject
Project("{FAE04EC0-301F-11D3-BF4B-00C04F79EFBC}") = "LazyLoading", "AdoCours\LazyLoading\LazyLoading.csproj", "{B3379D29-4EE4-4466-821C-8C8CB1BF2B5C}"
EndProject
Project("{FAE04EC0-301F-11D3-BF4B-00C04F79EFBC}") = "Metadata", "AdoCours\Metadata\Metadata.csproj", "{A714908A-483F-487E-BD15-830A95688A5A}"
EndProject
Project("{FAE04EC0-301F-11D3-BF4B-00C04F79EFBC}") = "ModelHeritage", "AdoCours\ModelHeritage\ModelHeritage.csproj", "{C92F2E5B-EFEA-4EFC-B120-642B308C12A2}"
EndProject
Project("{FAE04EC0-301F-11D3-BF4B-00C04F79EFBC}") = "Navigation", "AdoCours\Navigation\Navigation.csproj", "{7AAAB55C-949F-4B1B-BC9E-9101614510B1}"
EndProject
Project("{FAE04EC0-301F-11D3-BF4B-00C04F79EFBC}") = "OneTableMultipleEntity", "AdoCours\OneTableMultipleEntity\OneTableMultipleEntity.csproj", "{63607F4A-0E31-4C09-9D03-DEA25BF045F4}"
EndProject
Project("{FAE04EC0-301F-11D3-BF4B-00C04F79EFBC}") = "ProcedureFunction", "AdoCours\ProcedureFunction\ProcedureFunction.csproj", "{CC563687-1F6E-4E69-93E4-D45181AE24F0}"
EndProject
Project("{FAE04EC0-301F-11D3-BF4B-00C04F79EFBC}") = "SelfTracking", "AdoCours\SelfTracking\SelfTracking.csproj", "{68C34A1E-591D-4061-A90A-4345E74F3AD2}"
EndProject
Project("{FAE04EC0-301F-11D3-BF4B-00C04F79EFBC}") = "Transaction", "AdoCours\Transaction\Transaction.csproj", "{5DD10E22-0818-4C92-A5DC-E365BEEE0154}"
EndProject
Global
	GlobalSection(SolutionConfigurationPlatforms) = preSolution
		Debug|Any CPU = Debug|Any CPU
		Debug|x86 = Debug|x86
		Release|Any CPU = Release|Any CPU
		Release|x86 = Release|x86
	EndGlobalSection
	GlobalSection(ProjectConfigurationPlatforms) = postSolution
		{9EB7FF71-FDC4-4112-B24C-89AB8796BA59}.Debug|Any CPU.ActiveCfg = Debug|Any CPU
		{9EB7FF71-FDC4-4112-B24C-89AB8796BA59}.Debug|Any CPU.Build.0 = Debug|Any CPU
		{9EB7FF71-FDC4-4112-B24C-89AB8796BA59}.Debug|x86.ActiveCfg = Debug|Any CPU
		{9EB7FF71-FDC4-4112-B24C-89AB8796BA59}.Debug|x86.Build.0 = Debug|Any CPU
		{9EB7FF71-FDC4-4112-B24C-89AB8796BA59}.Release|Any CPU.ActiveCfg = Release|Any CPU
		{9EB7FF71-FDC4-4112-B24C-89AB8796BA59}.Release|Any CPU.Build.0 = Release|Any CPU
		{9EB7FF71-FDC4-4112-B24C-89AB8796BA59}.Release|x86.ActiveCfg = Release|Any CPU
		{9EB7FF71-FDC4-4112-B24C-89AB8796BA59}.Release|x86.Build.0 = Release|Any CPU
		{5AB522AE-5402-4C9C-B833-B040C099AB54}.Debug|Any CPU.ActiveCfg = Debug|Any CPU
		{5AB522AE-5402-4C9C-B833-B040C099AB54}.Debug|Any CPU.Build.0 = Debug|Any CPU
		{5AB522AE-5402-4C9C-B833-B040C099AB54}.Debug|x86.ActiveCfg = Debug|Any CPU
		{5AB522AE-5402-4C9C-B833-B040C099AB54}.Debug|x86.Build.0 = Debug|Any CPU
		{5AB522AE-5402-4C9C-B833-B040C099AB54}.Release|Any CPU.ActiveCfg = Release|Any CPU
		{5AB522AE-5402-4C9C-B833-B040C099AB54}.Release|Any CPU.Build.0 = Release|Any CPU
		{5AB522AE-5402-4C9C-B833-B040C099AB54}.Release|x86.ActiveCfg = Release|Any CPU
		{5AB522AE-5402-4C9C-B833-B040C099AB54}.Release|x86.Build.0 = Release|Any CPU
		{23030F6B-2A4C-42E8-9DFB-4E022C8AAEFA}.Debug|Any CPU.ActiveCfg = Debug|Any CPU
		{23030F6B-2A4C-42E8-9DFB-4E022C8AAEFA}.Debug|Any CPU.Build.0 = Debug|Any CPU
		{23030F6B-2A4C-42E8-9DFB-4E022C8AAEFA}.Debug|x86.ActiveCfg = Debug|Any CPU
		{23030F6B-2A4C-42E8-9DFB-4E022C8AAEFA}.Debug|x86.Build.0 = Debug|Any CPU
		{23030F6B-2A4C-42E8-9DFB-4E022C8AAEFA}.Release|Any CPU.ActiveCfg = Release|Any CPU
		{23030F6B-2A4C-42E8-9DFB-4E022C8AAEFA}.Release|Any CPU.Build.0 = Release|Any CPU
		{23030F6B-2A4C-42E8-9DFB-4E022C8AAEFA}.Release|x86.ActiveCfg = Release|Any CPU
		{23030F6B-2A4C-42E8-9DFB-4E022C8AAEFA}.Release|x86.Build.0 = Release|Any CPU
		{BD6E941A-ABA5-499A-BC16-DDF6FE25B0B9}.Debug|Any CPU.ActiveCfg = Debug|Any CPU
		{BD6E941A-ABA5-499A-BC16-DDF6FE25B0B9}.Debug|Any CPU.Build.0 = Debug|Any CPU
		{BD6E941A-ABA5-499A-BC16-DDF6FE25B0B9}.Debug|x86.ActiveCfg = Debug|Any CPU
		{BD6E941A-ABA5-499A-BC16-DDF6FE25B0B9}.Debug|x86.Build.0 = Debug|Any CPU
		{BD6E941A-ABA5-499A-BC16-DDF6FE25B0B9}.Release|Any CPU.ActiveCfg = Release|Any CPU
		{BD6E941A-ABA5-499A-BC16-DDF6FE25B0B9}.Release|Any CPU.Build.0 = Release|Any CPU
		{BD6E941A-ABA5-499A-BC16-DDF6FE25B0B9}.Release|x86.ActiveCfg = Release|Any CPU
		{BD6E941A-ABA5-499A-BC16-DDF6FE25B0B9}.Release|x86.Build.0 = Release|Any CPU
		{2AE9CB40-1E14-4E06-A24D-34BCF2A1B3AF}.Debug|Any CPU.ActiveCfg = Debug|Any CPU
		{2AE9CB40-1E14-4E06-A24D-34BCF2A1B3AF}.Debug|Any CPU.Build.0 = Debug|Any CPU
		{2AE9CB40-1E14-4E06-A24D-34BCF2A1B3AF}.Debug|x86.ActiveCfg = Debug|Any CPU
		{2AE9CB40-1E14-4E06-A24D-34BCF2A1B3AF}.Debug|x86.Build.0 = Debug|Any CPU
		{2AE9CB40-1E14-4E06-A24D-34BCF2A1B3AF}.Release|Any CPU.ActiveCfg = Release|Any CPU
		{2AE9CB40-1E14-4E06-A24D-34BCF2A1B3AF}.Release|Any CPU.Build.0 = Release|Any CPU
		{2AE9CB40-1E14-4E06-A24D-34BCF2A1B3AF}.Release|x86.ActiveCfg = Release|Any CPU
		{2AE9CB40-1E14-4E06-A24D-34BCF2A1B3AF}.Release|x86.Build.0 = Release|Any CPU
		{CA111CED-B035-43BB-B9ED-6FB078FB4F8B}.Debug|Any CPU.ActiveCfg = Debug|Any CPU
		{CA111CED-B035-43BB-B9ED-6FB078FB4F8B}.Debug|Any CPU.Build.0 = Debug|Any CPU
		{CA111CED-B035-43BB-B9ED-6FB078FB4F8B}.Debug|x86.ActiveCfg = Debug|Any CPU
		{CA111CED-B035-43BB-B9ED-6FB078FB4F8B}.Debug|x86.Build.0 = Debug|Any CPU
		{CA111CED-B035-43BB-B9ED-6FB078FB4F8B}.Release|Any CPU.ActiveCfg = Release|Any CPU
		{CA111CED-B035-43BB-B9ED-6FB078FB4F8B}.Release|Any CPU.Build.0 = Release|Any CPU
		{CA111CED-B035-43BB-B9ED-6FB078FB4F8B}.Release|x86.ActiveCfg = Release|Any CPU
		{CA111CED-B035-43BB-B9ED-6FB078FB4F8B}.Release|x86.Build.0 = Release|Any CPU
		{750C6448-F2D2-4E09-9FD3-F7A75D3AC5E8}.Debug|Any CPU.ActiveCfg = Debug|Any CPU
		{750C6448-F2D2-4E09-9FD3-F7A75D3AC5E8}.Debug|Any CPU.Build.0 = Debug|Any CPU
		{750C6448-F2D2-4E09-9FD3-F7A75D3AC5E8}.Debug|x86.ActiveCfg = Debug|Any CPU
		{750C6448-F2D2-4E09-9FD3-F7A75D3AC5E8}.Debug|x86.Build.0 = Debug|Any CPU
		{750C6448-F2D2-4E09-9FD3-F7A75D3AC5E8}.Release|Any CPU.ActiveCfg = Release|Any CPU
		{750C6448-F2D2-4E09-9FD3-F7A75D3AC5E8}.Release|Any CPU.Build.0 = Release|Any CPU
		{750C6448-F2D2-4E09-9FD3-F7A75D3AC5E8}.Release|x86.ActiveCfg = Release|Any CPU
		{750C6448-F2D2-4E09-9FD3-F7A75D3AC5E8}.Release|x86.Build.0 = Release|Any CPU
		{C08140CF-685F-4E37-B425-273D70E81BC4}.Debug|Any CPU.ActiveCfg = Debug|Any CPU
		{C08140CF-685F-4E37-B425-273D70E81BC4}.Debug|Any CPU.Build.0 = Debug|Any CPU
		{C08140CF-685F-4E37-B425-273D70E81BC4}.Debug|x86.ActiveCfg = Debug|Any CPU
		{C08140CF-685F-4E37-B425-273D70E81BC4}.Debug|x86.Build.0 = Debug|Any CPU
		{C08140CF-685F-4E37-B425-273D70E81BC4}.Release|Any CPU.ActiveCfg = Release|Any CPU
		{C08140CF-685F-4E37-B425-273D70E81BC4}.Release|Any CPU.Build.0 = Release|Any CPU
		{C08140CF-685F-4E37-B425-273D70E81BC4}.Release|x86.ActiveCfg = Release|Any CPU
		{C08140CF-685F-4E37-B425-273D70E81BC4}.Release|x86.Build.0 = Release|Any CPU
		{73360AAC-7EDF-45EF-A2F6-88ABFABB9EF0}.Debug|Any CPU.ActiveCfg = Debug|Any CPU
		{73360AAC-7EDF-45EF-A2F6-88ABFABB9EF0}.Debug|Any CPU.Build.0 = Debug|Any CPU
		{73360AAC-7EDF-45EF-A2F6-88ABFABB9EF0}.Debug|x86.ActiveCfg = Debug|Any CPU
		{73360AAC-7EDF-45EF-A2F6-88ABFABB9EF0}.Debug|x86.Build.0 = Debug|Any CPU
		{73360AAC-7EDF-45EF-A2F6-88ABFABB9EF0}.Release|Any CPU.ActiveCfg = Release|Any CPU
		{73360AAC-7EDF-45EF-A2F6-88ABFABB9EF0}.Release|Any CPU.Build.0 = Release|Any CPU
		{73360AAC-7EDF-45EF-A2F6-88ABFABB9EF0}.Release|x86.ActiveCfg = Release|Any CPU
		{73360AAC-7EDF-45EF-A2F6-88ABFABB9EF0}.Release|x86.Build.0 = Release|Any CPU
		{E73B4743-9F2C-437A-90A5-1F986A5BD2C8}.Debug|Any CPU.ActiveCfg = Debug|Any CPU
		{E73B4743-9F2C-437A-90A5-1F986A5BD2C8}.Debug|Any CPU.Build.0 = Debug|Any CPU
		{E73B4743-9F2C-437A-90A5-1F986A5BD2C8}.Debug|x86.ActiveCfg = Debug|Any CPU
		{E73B4743-9F2C-437A-90A5-1F986A5BD2C8}.Debug|x86.Build.0 = Debug|Any CPU
		{E73B4743-9F2C-437A-90A5-1F986A5BD2C8}.Release|Any CPU.ActiveCfg = Release|Any CPU
		{E73B4743-9F2C-437A-90A5-1F986A5BD2C8}.Release|Any CPU.Build.0 = Release|Any CPU
		{E73B4743-9F2C-437A-90A5-1F986A5BD2C8}.Release|x86.ActiveCfg = Release|Any CPU
		{E73B4743-9F2C-437A-90A5-1F986A5BD2C8}.Release|x86.Build.0 = Release|Any CPU
		{C37FC562-CE8A-4F09-82C0-CC6FD53E8A93}.Debug|Any CPU.ActiveCfg = Debug|Any CPU
		{C37FC562-CE8A-4F09-82C0-CC6FD53E8A93}.Debug|Any CPU.Build.0 = Debug|Any CPU
		{C37FC562-CE8A-4F09-82C0-CC6FD53E8A93}.Debug|x86.ActiveCfg = Debug|Any CPU
		{C37FC562-CE8A-4F09-82C0-CC6FD53E8A93}.Debug|x86.Build.0 = Debug|Any CPU
		{C37FC562-CE8A-4F09-82C0-CC6FD53E8A93}.Release|Any CPU.ActiveCfg = Release|Any CPU
		{C37FC562-CE8A-4F09-82C0-CC6FD53E8A93}.Release|Any CPU.Build.0 = Release|Any CPU
		{C37FC562-CE8A-4F09-82C0-CC6FD53E8A93}.Release|x86.ActiveCfg = Release|Any CPU
		{C37FC562-CE8A-4F09-82C0-CC6FD53E8A93}.Release|x86.Build.0 = Release|Any CPU
		{87752A5B-FD2E-46AB-AC2B-C83A82CB0D97}.Debug|Any CPU.ActiveCfg = Debug|Any CPU
		{87752A5B-FD2E-46AB-AC2B-C83A82CB0D97}.Debug|Any CPU.Build.0 = Debug|Any CPU
		{87752A5B-FD2E-46AB-AC2B-C83A82CB0D97}.Debug|x86.ActiveCfg = Debug|Any CPU
		{87752A5B-FD2E-46AB-AC2B-C83A82CB0D97}.Debug|x86.Build.0 = Debug|Any CPU
		{87752A5B-FD2E-46AB-AC2B-C83A82CB0D97}.Release|Any CPU.ActiveCfg = Release|Any CPU
		{87752A5B-FD2E-46AB-AC2B-C83A82CB0D97}.Release|Any CPU.Build.0 = Release|Any CPU
		{87752A5B-FD2E-46AB-AC2B-C83A82CB0D97}.Release|x86.ActiveCfg = Release|Any CPU
		{87752A5B-FD2E-46AB-AC2B-C83A82CB0D97}.Release|x86.Build.0 = Release|Any CPU
		{821AB6E0-3CBC-4607-B248-2639871F9C73}.Debug|Any CPU.ActiveCfg = Debug|Any CPU
		{821AB6E0-3CBC-4607-B248-2639871F9C73}.Debug|Any CPU.Build.0 = Debug|Any CPU
		{821AB6E0-3CBC-4607-B248-2639871F9C73}.Debug|x86.ActiveCfg = Debug|Any CPU
		{821AB6E0-3CBC-4607-B248-2639871F9C73}.Debug|x86.Build.0 = Debug|Any CPU
		{821AB6E0-3CBC-4607-B248-2639871F9C73}.Release|Any CPU.ActiveCfg = Release|Any CPU
		{821AB6E0-3CBC-4607-B248-2639871F9C73}.Release|Any CPU.Build.0 = Release|Any CPU
		{821AB6E0-3CBC-4607-B248-2639871F9C73}.Release|x86.ActiveCfg = Release|Any CPU
		{821AB6E0-3CBC-4607-B248-2639871F9C73}.Release|x86.Build.0 = Release|Any CPU
		{906659D2-5806-493B-A9CD-B25ED84FD2A9}.Debug|Any CPU.ActiveCfg = Debug|Any CPU
		{906659D2-5806-493B-A9CD-B25ED84FD2A9}.Debug|Any CPU.Build.0 = Debug|Any CPU
		{906659D2-5806-493B-A9CD-B25ED84FD2A9}.Debug|x86.ActiveCfg = Debug|Any CPU
		{906659D2-5806-493B-A9CD-B25ED84FD2A9}.Debug|x86.Build.0 = Debug|Any CPU
		{906659D2-5806-493B-A9CD-B25ED84FD2A9}.Release|Any CPU.ActiveCfg = Release|Any CPU
		{906659D2-5806-493B-A9CD-B25ED84FD2A9}.Release|Any CPU.Build.0 = Release|Any CPU
		{906659D2-5806-493B-A9CD-B25ED84FD2A9}.Release|x86.ActiveCfg = Release|Any CPU
		{906659D2-5806-493B-A9CD-B25ED84FD2A9}.Release|x86.Build.0 = Release|Any CPU
		{678A0C90-F723-4FF4-A348-64D51398FDC3}.Debug|Any CPU.ActiveCfg = Debug|Any CPU
		{678A0C90-F723-4FF4-A348-64D51398FDC3}.Debug|Any CPU.Build.0 = Debug|Any CPU
		{678A0C90-F723-4FF4-A348-64D51398FDC3}.Debug|x86.ActiveCfg = Debug|Any CPU
		{678A0C90-F723-4FF4-A348-64D51398FDC3}.Debug|x86.Build.0 = Debug|Any CPU
		{678A0C90-F723-4FF4-A348-64D51398FDC3}.Release|Any CPU.ActiveCfg = Release|Any CPU
		{678A0C90-F723-4FF4-A348-64D51398FDC3}.Release|Any CPU.Build.0 = Release|Any CPU
		{678A0C90-F723-4FF4-A348-64D51398FDC3}.Release|x86.ActiveCfg = Release|Any CPU
		{678A0C90-F723-4FF4-A348-64D51398FDC3}.Release|x86.Build.0 = Release|Any CPU
		{FF1776DB-75B1-498B-9DBB-B172466C96EE}.Debug|Any CPU.ActiveCfg = Debug|Any CPU
		{FF1776DB-75B1-498B-9DBB-B172466C96EE}.Debug|Any CPU.Build.0 = Debug|Any CPU
		{FF1776DB-75B1-498B-9DBB-B172466C96EE}.Debug|x86.ActiveCfg = Debug|Any CPU
		{FF1776DB-75B1-498B-9DBB-B172466C96EE}.Debug|x86.Build.0 = Debug|Any CPU
		{FF1776DB-75B1-498B-9DBB-B172466C96EE}.Release|Any CPU.ActiveCfg = Release|Any CPU
		{FF1776DB-75B1-498B-9DBB-B172466C96EE}.Release|Any CPU.Build.0 = Release|Any CPU
		{FF1776DB-75B1-498B-9DBB-B172466C96EE}.Release|x86.ActiveCfg = Release|Any CPU
		{FF1776DB-75B1-498B-9DBB-B172466C96EE}.Release|x86.Build.0 = Release|Any CPU
		{163C4F56-EC83-4F22-B5CE-A2E6BDA21C58}.Debug|Any CPU.ActiveCfg = Debug|Any CPU
		{163C4F56-EC83-4F22-B5CE-A2E6BDA21C58}.Debug|Any CPU.Build.0 = Debug|Any CPU
		{163C4F56-EC83-4F22-B5CE-A2E6BDA21C58}.Debug|x86.ActiveCfg = Debug|Any CPU
		{163C4F56-EC83-4F22-B5CE-A2E6BDA21C58}.Debug|x86.Build.0 = Debug|Any CPU
		{163C4F56-EC83-4F22-B5CE-A2E6BDA21C58}.Release|Any CPU.ActiveCfg = Release|Any CPU
		{163C4F56-EC83-4F22-B5CE-A2E6BDA21C58}.Release|Any CPU.Build.0 = Release|Any CPU
		{163C4F56-EC83-4F22-B5CE-A2E6BDA21C58}.Release|x86.ActiveCfg = Release|Any CPU
		{163C4F56-EC83-4F22-B5CE-A2E6BDA21C58}.Release|x86.Build.0 = Release|Any CPU
		{F86C43C6-CD17-44DF-82BF-F2528396C663}.Debug|Any CPU.ActiveCfg = Debug|Any CPU
		{F86C43C6-CD17-44DF-82BF-F2528396C663}.Debug|Any CPU.Build.0 = Debug|Any CPU
		{F86C43C6-CD17-44DF-82BF-F2528396C663}.Debug|x86.ActiveCfg = Debug|Any CPU
		{F86C43C6-CD17-44DF-82BF-F2528396C663}.Debug|x86.Build.0 = Debug|Any CPU
		{F86C43C6-CD17-44DF-82BF-F2528396C663}.Release|Any CPU.ActiveCfg = Release|Any CPU
		{F86C43C6-CD17-44DF-82BF-F2528396C663}.Release|Any CPU.Build.0 = Release|Any CPU
		{F86C43C6-CD17-44DF-82BF-F2528396C663}.Release|x86.ActiveCfg = Release|Any CPU
		{F86C43C6-CD17-44DF-82BF-F2528396C663}.Release|x86.Build.0 = Release|Any CPU
		{F0357793-1F34-4238-804E-0D834D24CF1B}.Debug|Any CPU.ActiveCfg = Debug|Any CPU
		{F0357793-1F34-4238-804E-0D834D24CF1B}.Debug|Any CPU.Build.0 = Debug|Any CPU
		{F0357793-1F34-4238-804E-0D834D24CF1B}.Debug|x86.ActiveCfg = Debug|Any CPU
		{F0357793-1F34-4238-804E-0D834D24CF1B}.Debug|x86.Build.0 = Debug|Any CPU
		{F0357793-1F34-4238-804E-0D834D24CF1B}.Release|Any CPU.ActiveCfg = Release|Any CPU
		{F0357793-1F34-4238-804E-0D834D24CF1B}.Release|Any CPU.Build.0 = Release|Any CPU
		{F0357793-1F34-4238-804E-0D834D24CF1B}.Release|x86.ActiveCfg = Release|Any CPU
		{F0357793-1F34-4238-804E-0D834D24CF1B}.Release|x86.Build.0 = Release|Any CPU
		{E5488DEC-F2FA-47F3-8491-B50F699AC7D1}.Debug|Any CPU.ActiveCfg = Debug|Any CPU
		{E5488DEC-F2FA-47F3-8491-B50F699AC7D1}.Debug|Any CPU.Build.0 = Debug|Any CPU
		{E5488DEC-F2FA-47F3-8491-B50F699AC7D1}.Debug|x86.ActiveCfg = Debug|Any CPU
		{E5488DEC-F2FA-47F3-8491-B50F699AC7D1}.Debug|x86.Build.0 = Debug|Any CPU
		{E5488DEC-F2FA-47F3-8491-B50F699AC7D1}.Release|Any CPU.ActiveCfg = Release|Any CPU
		{E5488DEC-F2FA-47F3-8491-B50F699AC7D1}.Release|Any CPU.Build.0 = Release|Any CPU
		{E5488DEC-F2FA-47F3-8491-B50F699AC7D1}.Release|x86.ActiveCfg = Release|Any CPU
		{E5488DEC-F2FA-47F3-8491-B50F699AC7D1}.Release|x86.Build.0 = Release|Any CPU
		{DF3649EE-2CCD-4D10-B55E-EF4C62DB32AE}.Debug|Any CPU.ActiveCfg = Debug|Any CPU
		{DF3649EE-2CCD-4D10-B55E-EF4C62DB32AE}.Debug|Any CPU.Build.0 = Debug|Any CPU
		{DF3649EE-2CCD-4D10-B55E-EF4C62DB32AE}.Debug|x86.ActiveCfg = Debug|Any CPU
		{DF3649EE-2CCD-4D10-B55E-EF4C62DB32AE}.Debug|x86.Build.0 = Debug|Any CPU
		{DF3649EE-2CCD-4D10-B55E-EF4C62DB32AE}.Release|Any CPU.ActiveCfg = Release|Any CPU
		{DF3649EE-2CCD-4D10-B55E-EF4C62DB32AE}.Release|Any CPU.Build.0 = Release|Any CPU
		{DF3649EE-2CCD-4D10-B55E-EF4C62DB32AE}.Release|x86.ActiveCfg = Release|Any CPU
		{DF3649EE-2CCD-4D10-B55E-EF4C62DB32AE}.Release|x86.Build.0 = Release|Any CPU
		{4194213A-A8B4-4A0C-81F6-FCD751E55AA8}.Debug|Any CPU.ActiveCfg = Debug|Any CPU
		{4194213A-A8B4-4A0C-81F6-FCD751E55AA8}.Debug|Any CPU.Build.0 = Debug|Any CPU
		{4194213A-A8B4-4A0C-81F6-FCD751E55AA8}.Debug|x86.ActiveCfg = Debug|Any CPU
		{4194213A-A8B4-4A0C-81F6-FCD751E55AA8}.Debug|x86.Build.0 = Debug|Any CPU
		{4194213A-A8B4-4A0C-81F6-FCD751E55AA8}.Release|Any CPU.ActiveCfg = Debug|Any CPU
		{4194213A-A8B4-4A0C-81F6-FCD751E55AA8}.Release|Any CPU.Build.0 = Debug|Any CPU
		{4194213A-A8B4-4A0C-81F6-FCD751E55AA8}.Release|x86.ActiveCfg = Debug|Any CPU
		{4194213A-A8B4-4A0C-81F6-FCD751E55AA8}.Release|x86.Build.0 = Debug|Any CPU
		{C6EC4BAB-A9F2-47DE-B3B1-C672C906913B}.Debug|Any CPU.ActiveCfg = Debug|x86
		{C6EC4BAB-A9F2-47DE-B3B1-C672C906913B}.Debug|x86.ActiveCfg = Debug|x86
		{C6EC4BAB-A9F2-47DE-B3B1-C672C906913B}.Debug|x86.Build.0 = Debug|x86
		{C6EC4BAB-A9F2-47DE-B3B1-C672C906913B}.Release|Any CPU.ActiveCfg = Release|x86
		{C6EC4BAB-A9F2-47DE-B3B1-C672C906913B}.Release|x86.ActiveCfg = Release|x86
		{C6EC4BAB-A9F2-47DE-B3B1-C672C906913B}.Release|x86.Build.0 = Release|x86
		{EBFE17DE-7C3E-4AC8-A132-D11A468F5322}.Debug|Any CPU.ActiveCfg = Debug|Any CPU
		{EBFE17DE-7C3E-4AC8-A132-D11A468F5322}.Debug|Any CPU.Build.0 = Debug|Any CPU
		{EBFE17DE-7C3E-4AC8-A132-D11A468F5322}.Debug|x86.ActiveCfg = Debug|Any CPU
		{EBFE17DE-7C3E-4AC8-A132-D11A468F5322}.Debug|x86.Build.0 = Debug|Any CPU
		{EBFE17DE-7C3E-4AC8-A132-D11A468F5322}.Release|Any CPU.ActiveCfg = Release|Any CPU
		{EBFE17DE-7C3E-4AC8-A132-D11A468F5322}.Release|Any CPU.Build.0 = Release|Any CPU
		{EBFE17DE-7C3E-4AC8-A132-D11A468F5322}.Release|x86.ActiveCfg = Release|Any CPU
		{EBFE17DE-7C3E-4AC8-A132-D11A468F5322}.Release|x86.Build.0 = Release|Any CPU
		{70BED7AE-2300-4311-BDD9-BECDF7291C32}.Debug|Any CPU.ActiveCfg = Debug|Any CPU
		{70BED7AE-2300-4311-BDD9-BECDF7291C32}.Debug|Any CPU.Build.0 = Debug|Any CPU
		{70BED7AE-2300-4311-BDD9-BECDF7291C32}.Debug|x86.ActiveCfg = Debug|Any CPU
		{70BED7AE-2300-4311-BDD9-BECDF7291C32}.Debug|x86.Build.0 = Debug|Any CPU
		{70BED7AE-2300-4311-BDD9-BECDF7291C32}.Release|Any CPU.ActiveCfg = Release|Any CPU
		{70BED7AE-2300-4311-BDD9-BECDF7291C32}.Release|Any CPU.Build.0 = Release|Any CPU
		{70BED7AE-2300-4311-BDD9-BECDF7291C32}.Release|x86.ActiveCfg = Release|Any CPU
		{70BED7AE-2300-4311-BDD9-BECDF7291C32}.Release|x86.Build.0 = Release|Any CPU
		{BFB97BEC-395D-491E-8C13-FFAFC0AA050D}.Debug|Any CPU.ActiveCfg = Debug|Any CPU
		{BFB97BEC-395D-491E-8C13-FFAFC0AA050D}.Debug|Any CPU.Build.0 = Debug|Any CPU
		{BFB97BEC-395D-491E-8C13-FFAFC0AA050D}.Debug|x86.ActiveCfg = Debug|Any CPU
		{BFB97BEC-395D-491E-8C13-FFAFC0AA050D}.Debug|x86.Build.0 = Debug|Any CPU
		{BFB97BEC-395D-491E-8C13-FFAFC0AA050D}.Release|Any CPU.ActiveCfg = Release|Any CPU
		{BFB97BEC-395D-491E-8C13-FFAFC0AA050D}.Release|Any CPU.Build.0 = Release|Any CPU
		{BFB97BEC-395D-491E-8C13-FFAFC0AA050D}.Release|x86.ActiveCfg = Release|Any CPU
		{BFB97BEC-395D-491E-8C13-FFAFC0AA050D}.Release|x86.Build.0 = Release|Any CPU
		{E9EF6C5E-2ADE-4448-A247-39525A7E1743}.Debug|Any CPU.ActiveCfg = Debug|Any CPU
		{E9EF6C5E-2ADE-4448-A247-39525A7E1743}.Debug|Any CPU.Build.0 = Debug|Any CPU
		{E9EF6C5E-2ADE-4448-A247-39525A7E1743}.Debug|x86.ActiveCfg = Debug|Any CPU
		{E9EF6C5E-2ADE-4448-A247-39525A7E1743}.Debug|x86.Build.0 = Debug|Any CPU
		{E9EF6C5E-2ADE-4448-A247-39525A7E1743}.Release|Any CPU.ActiveCfg = Release|Any CPU
		{E9EF6C5E-2ADE-4448-A247-39525A7E1743}.Release|Any CPU.Build.0 = Release|Any CPU
		{E9EF6C5E-2ADE-4448-A247-39525A7E1743}.Release|x86.ActiveCfg = Release|Any CPU
		{E9EF6C5E-2ADE-4448-A247-39525A7E1743}.Release|x86.Build.0 = Release|Any CPU
		{B3379D29-4EE4-4466-821C-8C8CB1BF2B5C}.Debug|Any CPU.ActiveCfg = Debug|Any CPU
		{B3379D29-4EE4-4466-821C-8C8CB1BF2B5C}.Debug|Any CPU.Build.0 = Debug|Any CPU
		{B3379D29-4EE4-4466-821C-8C8CB1BF2B5C}.Debug|x86.ActiveCfg = Debug|Any CPU
		{B3379D29-4EE4-4466-821C-8C8CB1BF2B5C}.Debug|x86.Build.0 = Debug|Any CPU
		{B3379D29-4EE4-4466-821C-8C8CB1BF2B5C}.Release|Any CPU.ActiveCfg = Release|Any CPU
		{B3379D29-4EE4-4466-821C-8C8CB1BF2B5C}.Release|Any CPU.Build.0 = Release|Any CPU
		{B3379D29-4EE4-4466-821C-8C8CB1BF2B5C}.Release|x86.ActiveCfg = Release|Any CPU
		{B3379D29-4EE4-4466-821C-8C8CB1BF2B5C}.Release|x86.Build.0 = Release|Any CPU
		{A714908A-483F-487E-BD15-830A95688A5A}.Debug|Any CPU.ActiveCfg = Debug|Any CPU
		{A714908A-483F-487E-BD15-830A95688A5A}.Debug|Any CPU.Build.0 = Debug|Any CPU
		{A714908A-483F-487E-BD15-830A95688A5A}.Debug|x86.ActiveCfg = Debug|Any CPU
		{A714908A-483F-487E-BD15-830A95688A5A}.Debug|x86.Build.0 = Debug|Any CPU
		{A714908A-483F-487E-BD15-830A95688A5A}.Release|Any CPU.ActiveCfg = Release|Any CPU
		{A714908A-483F-487E-BD15-830A95688A5A}.Release|Any CPU.Build.0 = Release|Any CPU
		{A714908A-483F-487E-BD15-830A95688A5A}.Release|x86.ActiveCfg = Release|Any CPU
		{A714908A-483F-487E-BD15-830A95688A5A}.Release|x86.Build.0 = Release|Any CPU
		{C92F2E5B-EFEA-4EFC-B120-642B308C12A2}.Debug|Any CPU.ActiveCfg = Debug|Any CPU
		{C92F2E5B-EFEA-4EFC-B120-642B308C12A2}.Debug|Any CPU.Build.0 = Debug|Any CPU
		{C92F2E5B-EFEA-4EFC-B120-642B308C12A2}.Debug|x86.ActiveCfg = Debug|Any CPU
		{C92F2E5B-EFEA-4EFC-B120-642B308C12A2}.Debug|x86.Build.0 = Debug|Any CPU
		{C92F2E5B-EFEA-4EFC-B120-642B308C12A2}.Release|Any CPU.ActiveCfg = Release|Any CPU
		{C92F2E5B-EFEA-4EFC-B120-642B308C12A2}.Release|Any CPU.Build.0 = Release|Any CPU
		{C92F2E5B-EFEA-4EFC-B120-642B308C12A2}.Release|x86.ActiveCfg = Release|Any CPU
		{C92F2E5B-EFEA-4EFC-B120-642B308C12A2}.Release|x86.Build.0 = Release|Any CPU
		{7AAAB55C-949F-4B1B-BC9E-9101614510B1}.Debug|Any CPU.ActiveCfg = Debug|Any CPU
		{7AAAB55C-949F-4B1B-BC9E-9101614510B1}.Debug|Any CPU.Build.0 = Debug|Any CPU
		{7AAAB55C-949F-4B1B-BC9E-9101614510B1}.Debug|x86.ActiveCfg = Debug|Any CPU
		{7AAAB55C-949F-4B1B-BC9E-9101614510B1}.Debug|x86.Build.0 = Debug|Any CPU
		{7AAAB55C-949F-4B1B-BC9E-9101614510B1}.Release|Any CPU.ActiveCfg = Release|Any CPU
		{7AAAB55C-949F-4B1B-BC9E-9101614510B1}.Release|Any CPU.Build.0 = Release|Any CPU
		{7AAAB55C-949F-4B1B-BC9E-9101614510B1}.Release|x86.ActiveCfg = Release|Any CPU
		{7AAAB55C-949F-4B1B-BC9E-9101614510B1}.Release|x86.Build.0 = Release|Any CPU
		{63607F4A-0E31-4C09-9D03-DEA25BF045F4}.Debug|Any CPU.ActiveCfg = Debug|Any CPU
		{63607F4A-0E31-4C09-9D03-DEA25BF045F4}.Debug|Any CPU.Build.0 = Debug|Any CPU
		{63607F4A-0E31-4C09-9D03-DEA25BF045F4}.Debug|x86.ActiveCfg = Debug|Any CPU
		{63607F4A-0E31-4C09-9D03-DEA25BF045F4}.Debug|x86.Build.0 = Debug|Any CPU
		{63607F4A-0E31-4C09-9D03-DEA25BF045F4}.Release|Any CPU.ActiveCfg = Release|Any CPU
		{63607F4A-0E31-4C09-9D03-DEA25BF045F4}.Release|Any CPU.Build.0 = Release|Any CPU
		{63607F4A-0E31-4C09-9D03-DEA25BF045F4}.Release|x86.ActiveCfg = Release|Any CPU
		{63607F4A-0E31-4C09-9D03-DEA25BF045F4}.Release|x86.Build.0 = Release|Any CPU
		{CC563687-1F6E-4E69-93E4-D45181AE24F0}.Debug|Any CPU.ActiveCfg = Debug|Any CPU
		{CC563687-1F6E-4E69-93E4-D45181AE24F0}.Debug|Any CPU.Build.0 = Debug|Any CPU
		{CC563687-1F6E-4E69-93E4-D45181AE24F0}.Debug|x86.ActiveCfg = Debug|Any CPU
		{CC563687-1F6E-4E69-93E4-D45181AE24F0}.Debug|x86.Build.0 = Debug|Any CPU
		{CC563687-1F6E-4E69-93E4-D45181AE24F0}.Release|Any CPU.ActiveCfg = Release|Any CPU
		{CC563687-1F6E-4E69-93E4-D45181AE24F0}.Release|Any CPU.Build.0 = Release|Any CPU
		{CC563687-1F6E-4E69-93E4-D45181AE24F0}.Release|x86.ActiveCfg = Release|Any CPU
		{CC563687-1F6E-4E69-93E4-D45181AE24F0}.Release|x86.Build.0 = Release|Any CPU
		{68C34A1E-591D-4061-A90A-4345E74F3AD2}.Debug|Any CPU.ActiveCfg = Debug|x86
		{68C34A1E-591D-4061-A90A-4345E74F3AD2}.Debug|x86.ActiveCfg = Debug|x86
		{68C34A1E-591D-4061-A90A-4345E74F3AD2}.Debug|x86.Build.0 = Debug|x86
		{68C34A1E-591D-4061-A90A-4345E74F3AD2}.Release|Any CPU.ActiveCfg = Release|x86
		{68C34A1E-591D-4061-A90A-4345E74F3AD2}.Release|x86.ActiveCfg = Release|x86
		{68C34A1E-591D-4061-A90A-4345E74F3AD2}.Release|x86.Build.0 = Release|x86
		{5DD10E22-0818-4C92-A5DC-E365BEEE0154}.Debug|Any CPU.ActiveCfg = Debug|Any CPU
		{5DD10E22-0818-4C92-A5DC-E365BEEE0154}.Debug|Any CPU.Build.0 = Debug|Any CPU
		{5DD10E22-0818-4C92-A5DC-E365BEEE0154}.Debug|x86.ActiveCfg = Debug|Any CPU
		{5DD10E22-0818-4C92-A5DC-E365BEEE0154}.Debug|x86.Build.0 = Debug|Any CPU
		{5DD10E22-0818-4C92-A5DC-E365BEEE0154}.Release|Any CPU.ActiveCfg = Release|Any CPU
		{5DD10E22-0818-4C92-A5DC-E365BEEE0154}.Release|Any CPU.Build.0 = Release|Any CPU
		{5DD10E22-0818-4C92-A5DC-E365BEEE0154}.Release|x86.ActiveCfg = Release|Any CPU
		{5DD10E22-0818-4C92-A5DC-E365BEEE0154}.Release|x86.Build.0 = Release|Any CPU
	EndGlobalSection
	GlobalSection(SolutionProperties) = preSolution
		HideSolutionNode = FALSE
	EndGlobalSection
	GlobalSection(NestedProjects) = preSolution
		{9EB7FF71-FDC4-4112-B24C-89AB8796BA59} = {39FFED27-A4F5-4DB4-97A9-D42379213C1A}
		{5AB522AE-5402-4C9C-B833-B040C099AB54} = {39FFED27-A4F5-4DB4-97A9-D42379213C1A}
		{23030F6B-2A4C-42E8-9DFB-4E022C8AAEFA} = {39FFED27-A4F5-4DB4-97A9-D42379213C1A}
		{8BE2C1C4-AF5A-415C-89A2-AD7F894368DB} = {4F344175-D6AD-4A55-A846-A3A6D0D73D34}
		{72107395-6800-48FC-B70A-70C13B53AF3D} = {4F344175-D6AD-4A55-A846-A3A6D0D73D34}
		{6F129507-78BA-4060-8FF5-E44E6F11B473} = {4F344175-D6AD-4A55-A846-A3A6D0D73D34}
		{BD6E941A-ABA5-499A-BC16-DDF6FE25B0B9} = {AD4E3529-A80C-454E-AADD-CCC2E369725B}
		{2AE9CB40-1E14-4E06-A24D-34BCF2A1B3AF} = {AD4E3529-A80C-454E-AADD-CCC2E369725B}
		{CA111CED-B035-43BB-B9ED-6FB078FB4F8B} = {AD4E3529-A80C-454E-AADD-CCC2E369725B}
		{750C6448-F2D2-4E09-9FD3-F7A75D3AC5E8} = {AD4E3529-A80C-454E-AADD-CCC2E369725B}
		{C08140CF-685F-4E37-B425-273D70E81BC4} = {AD4E3529-A80C-454E-AADD-CCC2E369725B}
		{73360AAC-7EDF-45EF-A2F6-88ABFABB9EF0} = {AD4E3529-A80C-454E-AADD-CCC2E369725B}
		{E73B4743-9F2C-437A-90A5-1F986A5BD2C8} = {AD4E3529-A80C-454E-AADD-CCC2E369725B}
		{C37FC562-CE8A-4F09-82C0-CC6FD53E8A93} = {AD4E3529-A80C-454E-AADD-CCC2E369725B}
		{87752A5B-FD2E-46AB-AC2B-C83A82CB0D97} = {6F129507-78BA-4060-8FF5-E44E6F11B473}
		{821AB6E0-3CBC-4607-B248-2639871F9C73} = {72107395-6800-48FC-B70A-70C13B53AF3D}
		{906659D2-5806-493B-A9CD-B25ED84FD2A9} = {77E7BAD8-C18F-4C36-A275-30837286864C}
		{678A0C90-F723-4FF4-A348-64D51398FDC3} = {621FC22C-2E81-4014-95AF-A7E8E8840AA6}
		{FF1776DB-75B1-498B-9DBB-B172466C96EE} = {6F129507-78BA-4060-8FF5-E44E6F11B473}
		{163C4F56-EC83-4F22-B5CE-A2E6BDA21C58} = {6F129507-78BA-4060-8FF5-E44E6F11B473}
		{F86C43C6-CD17-44DF-82BF-F2528396C663} = {8BE2C1C4-AF5A-415C-89A2-AD7F894368DB}
		{F0357793-1F34-4238-804E-0D834D24CF1B} = {8BE2C1C4-AF5A-415C-89A2-AD7F894368DB}
		{E5488DEC-F2FA-47F3-8491-B50F699AC7D1} = {72107395-6800-48FC-B70A-70C13B53AF3D}
		{DF3649EE-2CCD-4D10-B55E-EF4C62DB32AE} = {02DFB885-BB17-49BC-A8C9-8733F3A17BAD}
		{4194213A-A8B4-4A0C-81F6-FCD751E55AA8} = {822D0FE4-109C-4B80-8E97-C217028D8CBA}
		{C6EC4BAB-A9F2-47DE-B3B1-C672C906913B} = {5E8778AA-81BA-4BB8-B315-F4E032B1323E}
		{EBFE17DE-7C3E-4AC8-A132-D11A468F5322} = {5E8778AA-81BA-4BB8-B315-F4E032B1323E}
		{70BED7AE-2300-4311-BDD9-BECDF7291C32} = {9588EA44-A6AC-482D-A5C7-044A9301FEAC}
		{BFB97BEC-395D-491E-8C13-FFAFC0AA050D} = {5019A727-23CD-41F6-B31F-BA70FC0F7C62}
		{E9EF6C5E-2ADE-4448-A247-39525A7E1743} = {5019A727-23CD-41F6-B31F-BA70FC0F7C62}
		{B3379D29-4EE4-4466-821C-8C8CB1BF2B5C} = {5019A727-23CD-41F6-B31F-BA70FC0F7C62}
		{A714908A-483F-487E-BD15-830A95688A5A} = {5019A727-23CD-41F6-B31F-BA70FC0F7C62}
		{C92F2E5B-EFEA-4EFC-B120-642B308C12A2} = {5019A727-23CD-41F6-B31F-BA70FC0F7C62}
		{7AAAB55C-949F-4B1B-BC9E-9101614510B1} = {5019A727-23CD-41F6-B31F-BA70FC0F7C62}
		{63607F4A-0E31-4C09-9D03-DEA25BF045F4} = {5019A727-23CD-41F6-B31F-BA70FC0F7C62}
		{CC563687-1F6E-4E69-93E4-D45181AE24F0} = {5019A727-23CD-41F6-B31F-BA70FC0F7C62}
		{68C34A1E-591D-4061-A90A-4345E74F3AD2} = {5019A727-23CD-41F6-B31F-BA70FC0F7C62}
		{5DD10E22-0818-4C92-A5DC-E365BEEE0154} = {5019A727-23CD-41F6-B31F-BA70FC0F7C62}
	EndGlobalSection
EndGlobal
