
Microsoft Visual Studio Solution File, Format Version 12.00
# Visual Studio 14
VisualStudioVersion = 14.0.25420.1
MinimumVisualStudioVersion = 10.0.40219.1
Project("{2150E333-8FDC-42A3-9474-1A3956D46DE8}") = "src", "src", "{52C83963-D38D-4E4E-8F4A-3B66810B118C}"
EndProject
Project("{2150E333-8FDC-42A3-9474-1A3956D46DE8}") = "Solution Items", "Solution Items", "{75086843-B23F-4888-ACC9-FCF59F4D93B0}"
	ProjectSection(SolutionItems) = preProject
		global.json = global.json
	EndProjectSection
EndProject
Project("{00D1A9C2-B5F0-4AF3-8072-F6C62B433612}") = "PersonDB", "PersonDB\PersonDB.sqlproj", "{A05F9614-6CAD-433C-AC6C-7E1D75E2FB16}"
EndProject
Project("{8BB2217D-0F2D-49D1-97BC-3654ED321F3B}") = "Contact.DATA", "src\Contact.DATA\Contact.DATA.xproj", "{33165BEE-14B1-43A6-B077-60C9DBA931F5}"
EndProject
Project("{8BB2217D-0F2D-49D1-97BC-3654ED321F3B}") = "Contact_Final", "src\Contact_Final\Contact_Final.xproj", "{48FD7DF8-736E-4619-8A92-2CCB1B5FE153}"
EndProject
Global
	GlobalSection(SolutionConfigurationPlatforms) = preSolution
		Debug|Any CPU = Debug|Any CPU
		Release|Any CPU = Release|Any CPU
	EndGlobalSection
	GlobalSection(ProjectConfigurationPlatforms) = postSolution
		{A05F9614-6CAD-433C-AC6C-7E1D75E2FB16}.Debug|Any CPU.ActiveCfg = Debug|Any CPU
		{A05F9614-6CAD-433C-AC6C-7E1D75E2FB16}.Debug|Any CPU.Build.0 = Debug|Any CPU
		{A05F9614-6CAD-433C-AC6C-7E1D75E2FB16}.Debug|Any CPU.Deploy.0 = Debug|Any CPU
		{A05F9614-6CAD-433C-AC6C-7E1D75E2FB16}.Release|Any CPU.ActiveCfg = Release|Any CPU
		{A05F9614-6CAD-433C-AC6C-7E1D75E2FB16}.Release|Any CPU.Build.0 = Release|Any CPU
		{A05F9614-6CAD-433C-AC6C-7E1D75E2FB16}.Release|Any CPU.Deploy.0 = Release|Any CPU
		{33165BEE-14B1-43A6-B077-60C9DBA931F5}.Debug|Any CPU.ActiveCfg = Debug|Any CPU
		{33165BEE-14B1-43A6-B077-60C9DBA931F5}.Debug|Any CPU.Build.0 = Debug|Any CPU
		{33165BEE-14B1-43A6-B077-60C9DBA931F5}.Release|Any CPU.ActiveCfg = Release|Any CPU
		{33165BEE-14B1-43A6-B077-60C9DBA931F5}.Release|Any CPU.Build.0 = Release|Any CPU
		{48FD7DF8-736E-4619-8A92-2CCB1B5FE153}.Debug|Any CPU.ActiveCfg = Debug|Any CPU
		{48FD7DF8-736E-4619-8A92-2CCB1B5FE153}.Debug|Any CPU.Build.0 = Debug|Any CPU
		{48FD7DF8-736E-4619-8A92-2CCB1B5FE153}.Release|Any CPU.ActiveCfg = Release|Any CPU
		{48FD7DF8-736E-4619-8A92-2CCB1B5FE153}.Release|Any CPU.Build.0 = Release|Any CPU
	EndGlobalSection
	GlobalSection(SolutionProperties) = preSolution
		HideSolutionNode = FALSE
	EndGlobalSection
	GlobalSection(NestedProjects) = preSolution
		{33165BEE-14B1-43A6-B077-60C9DBA931F5} = {52C83963-D38D-4E4E-8F4A-3B66810B118C}
		{48FD7DF8-736E-4619-8A92-2CCB1B5FE153} = {52C83963-D38D-4E4E-8F4A-3B66810B118C}
	EndGlobalSection
EndGlobal
